
Microsoft Visual Studio Solution File, Format Version 12.00
# Visual Studio Version 17
VisualStudioVersion = 17.8.34511.84
MinimumVisualStudioVersion = 10.0.40219.1
Project("{9A19103F-16F7-4668-BE54-9A1E7A4F7556}") = "EntregasADomicilio.Web.Info.Api", "EntregasADomicilio.Web.Info\EntregasADomicilio.Web.Info.Api.csproj", "{CCE10698-60A0-400F-9BE8-1E0AB5735FE3}"
EndProject
Project("{9A19103F-16F7-4668-BE54-9A1E7A4F7556}") = "EntregasADomicilio.Web.Platillos.Api", "EntregasADomicilio.Web.Platillos\EntregasADomicilio.Web.Platillos.Api.csproj", "{840807EB-3FC7-497E-AF00-CA6F932C6731}"
EndProject
Project("{9A19103F-16F7-4668-BE54-9A1E7A4F7556}") = "EntregasADomicilio.Web.Platillos.Repositorios.Sql", "EntregasADomicilio.Web.Repositorios.Sql\EntregasADomicilio.Web.Platillos.Repositorios.Sql.csproj", "{E7F43D28-AC11-42C7-A072-59A429ED4380}"
EndProject
Project("{2150E333-8FDC-42A3-9474-1A3956D46DE8}") = "Solution Items", "Solution Items", "{7CB1D855-7360-46BF-8DDB-9AB11CF0037D}"
	ProjectSection(SolutionItems) = preProject
		README.md = README.md
	EndProjectSection
EndProject
Project("{9A19103F-16F7-4668-BE54-9A1E7A4F7556}") = "EntregasADomicilio.AlmacenLocal.Api", "EntregasADomicilio.AlmacenLocal.Api\EntregasADomicilio.AlmacenLocal.Api.csproj", "{7DAC92AF-1CE7-4040-B629-017AF61D3472}"
EndProject
Project("{9A19103F-16F7-4668-BE54-9A1E7A4F7556}") = "EntregasADomicilio.Admin.Platillos.Api", "EntregasADomicilio.Admin\EntregasADomicilio.Admin.Platillos.Api.csproj", "{F51DC31C-9630-400D-9001-F3885CFA391E}"
EndProject
Project("{9A19103F-16F7-4668-BE54-9A1E7A4F7556}") = "EntregasADomicilio.Admin.Repositorio.Sql", "EntregasADomicilio.Admin.Repositorio.Sql\EntregasADomicilio.Admin.Repositorio.Sql.csproj", "{AF27F72F-B17F-414A-93CF-FB25022ACA52}"
EndProject
Project("{9A19103F-16F7-4668-BE54-9A1E7A4F7556}") = "EntregasADomicilio.Admin.Platillos.BusinessLayer", "EntregasADomicilio.Admin.BusinessLayer\EntregasADomicilio.Admin.Platillos.BusinessLayer.csproj", "{198E733D-D12C-4F23-8199-B34EFC757D63}"
EndProject
Project("{9A19103F-16F7-4668-BE54-9A1E7A4F7556}") = "EntregasADomicilio.StoreFiles", "EntregasADomiclio.StoreFilesLocal\EntregasADomicilio.StoreFiles.csproj", "{E4E3B1AB-0586-4DDC-A1C1-47BBC4426915}"
EndProject
Project("{2150E333-8FDC-42A3-9474-1A3956D46DE8}") = "Admin", "Admin", "{9F9E8902-8585-4649-BD8D-DD5607283CC4}"
EndProject
Project("{2150E333-8FDC-42A3-9474-1A3956D46DE8}") = "Web", "Web", "{BC264533-0409-4A2A-A6AD-9E399E10A813}"
EndProject
Project("{2150E333-8FDC-42A3-9474-1A3956D46DE8}") = "Repartidor", "Repartidor", "{2329C187-7EB9-445E-9550-137D367A48C7}"
EndProject
Project("{9A19103F-16F7-4668-BE54-9A1E7A4F7556}") = "EntregaADomicilio.Admin.Usuarios.Api", "EntregaADomiclio.Admin.Usuarios.Api\EntregaADomicilio.Admin.Usuarios.Api.csproj", "{EAF15E5E-9C77-416B-86E1-3B147DFC4366}"
EndProject
Project("{9A19103F-16F7-4668-BE54-9A1E7A4F7556}") = "EntregasADomicilio.Admin.Pedidos.Api", "EntregasADomicilio.Admin.Pedidos.Api\EntregasADomicilio.Admin.Pedidos.Api.csproj", "{0C51E6DF-E797-4B22-8171-57C998ACDFCE}"
EndProject
Project("{9A19103F-16F7-4668-BE54-9A1E7A4F7556}") = "EntregasADomicilio.Admin.WebData.Api", "EntregasADomicilio.Admin.WebData.Api\EntregasADomicilio.Admin.WebData.Api.csproj", "{D730D14D-3147-4C6F-B7B9-B02CBCAC6783}"
EndProject
Project("{9A19103F-16F7-4668-BE54-9A1E7A4F7556}") = "EntregasADomicilio.Admin.WebData.BusinessLayer", "EntregasADomicilio.Admin.WebData.BusinessLayer\EntregasADomicilio.Admin.WebData.BusinessLayer.csproj", "{8A1925FE-BA7A-4CD7-A7BB-F47AD714EC3A}"
EndProject
Project("{9A19103F-16F7-4668-BE54-9A1E7A4F7556}") = "EntregasADomicilio.Core", "EntregasADomicilio.Admin.WebData.Core\EntregasADomicilio.Core.csproj", "{FCED6FEF-2BBE-4680-B4F3-F81A1EB02C19}"
EndProject
Project("{9A19103F-16F7-4668-BE54-9A1E7A4F7556}") = "EntregasADomicilio.Admin.WebData.Repositorio.Sql", "EntregasADomicilio.Admin.WebData.Repository.Sql\EntregasADomicilio.Admin.WebData.Repositorio.Sql.csproj", "{B1A24760-D29A-4ECF-8C12-885C4BFCB5DB}"
EndProject
Project("{9A19103F-16F7-4668-BE54-9A1E7A4F7556}") = "EntregasADomicilio.Web.Pedidos.Api", "EntregasADomicilio.Web.Pedidos.Api\EntregasADomicilio.Web.Pedidos.Api.csproj", "{B336316C-3728-4FA3-8EEF-6C3176D0F1CC}"
EndProject
Project("{9A19103F-16F7-4668-BE54-9A1E7A4F7556}") = "EntregasADomicilio.Web.Usuarios.Api", "EntregasADomicilio.Web.Usuarios.Api\EntregasADomicilio.Web.Usuarios.Api.csproj", "{12CAE2A1-A2D3-4F34-8837-659087C98792}"
EndProject
Project("{9A19103F-16F7-4668-BE54-9A1E7A4F7556}") = "EntregasADomicilio.Web.Usuarios.BusinessLayer", "EntregasADomicilio.Web.Usuarios.BusinessLayer\EntregasADomicilio.Web.Usuarios.BusinessLayer.csproj", "{7222CC2E-8C4F-46D7-89F5-97B8FF3D8FB6}"
EndProject
Project("{9A19103F-16F7-4668-BE54-9A1E7A4F7556}") = "EntregasADomicilio.Web.Usuarios.Repositorio.Sql", "EntregasADomicilio.Web.Usuarios.Repositorio.Sql\EntregasADomicilio.Web.Usuarios.Repositorio.Sql.csproj", "{92840EC2-56D4-4F66-BFE7-0945C96DB375}"
EndProject
Project("{9A19103F-16F7-4668-BE54-9A1E7A4F7556}") = "EntregasADomicilio.Web.Pedidos.BusinessLayer", "EntregasADomicilio.Web.Pedidos.BusinessLayer\EntregasADomicilio.Web.Pedidos.BusinessLayer.csproj", "{09E83F18-0CB2-488C-AA8B-9C709765BC79}"
EndProject
Project("{9A19103F-16F7-4668-BE54-9A1E7A4F7556}") = "EntregasADomicilio.Web.Pedidos.Repositorios.Sql", "EntregasADomicilio.Web.Pedidos.Repositorios.Sql\EntregasADomicilio.Web.Pedidos.Repositorios.Sql.csproj", "{6E252B76-099B-4F14-9B00-D8EB6C00F231}"
EndProject
Project("{2150E333-8FDC-42A3-9474-1A3956D46DE8}") = "Pedidos", "Pedidos", "{9F498C88-CF62-4252-A5C4-19E5B4F3ED18}"
EndProject
Project("{2150E333-8FDC-42A3-9474-1A3956D46DE8}") = "Platillos", "Platillos", "{5B967F62-EA7D-47AF-99A4-DD018079195E}"
EndProject
Project("{2150E333-8FDC-42A3-9474-1A3956D46DE8}") = "Usuarios", "Usuarios", "{D424060D-9D24-451A-9408-289638D4FEBD}"
EndProject
Project("{2150E333-8FDC-42A3-9474-1A3956D46DE8}") = "Info", "Info", "{ECBC94ED-89D8-4B5B-8AD0-32DC934D2623}"
EndProject
Project("{9A19103F-16F7-4668-BE54-9A1E7A4F7556}") = "EntregasADomilicio.Web.Pedidos.Repositorios.Ws", "EntregasADomilicio.Web.Pedidos.Repositorios.Ws\EntregasADomilicio.Web.Pedidos.Repositorios.Ws.csproj", "{B7B42900-3CFB-4061-A5D5-9F82957C5380}"
EndProject
Project("{E53339B2-1760-4266-BCC7-CA923CBCF16C}") = "docker-compose", "docker-compose.dcproj", "{93614826-A896-481A-A734-9640ED0B043F}"
EndProject
Project("{2150E333-8FDC-42A3-9474-1A3956D46DE8}") = "Platillos", "Platillos", "{CAEB88EC-EE94-449C-8FE9-3E4966350299}"
EndProject
Project("{2150E333-8FDC-42A3-9474-1A3956D46DE8}") = "ApiGateway", "ApiGateway", "{EEF9C5D2-200D-40CC-A153-327AD58AADEB}"
EndProject
Project("{9A19103F-16F7-4668-BE54-9A1E7A4F7556}") = "JwtTokenService", "..\JwtTokenService\JwtTokenService.csproj", "{17039146-370A-4773-A149-CC38B51A043F}"
EndProject
Project("{2150E333-8FDC-42A3-9474-1A3956D46DE8}") = "Usuarios", "Usuarios", "{7A3658DB-44B6-4020-B3A4-290FE06ED031}"
EndProject
Project("{9A19103F-16F7-4668-BE54-9A1E7A4F7556}") = "EntregasADomicilio.Usuarios.Api", "EntregasADomicilio.Usuarios.Api\EntregasADomicilio.Usuarios.Api.csproj", "{66D84C51-2624-4454-9DE2-9EAA27C684C5}"
EndProject
Project("{9A19103F-16F7-4668-BE54-9A1E7A4F7556}") = "EntregasADomicilio.Usuarios.BusinessLayer", "..\EntregasADomicilio.Usuarios.BusinessLayer\EntregasADomicilio.Usuarios.BusinessLayer.csproj", "{BD6B0DF0-AAF7-47F2-AC22-E790C2A94C53}"
EndProject
Project("{9A19103F-16F7-4668-BE54-9A1E7A4F7556}") = "EntregasADomicilio.Usuarios.Sql", "..\EntregasADomicilio.Usuarios.Sql\EntregasADomicilio.Usuarios.Sql.csproj", "{6C10F671-8CEE-4559-A1EC-837132B0AA2D}"
EndProject
Project("{9A19103F-16F7-4668-BE54-9A1E7A4F7556}") = "EntregasADomicilio.Usuarios.Login.Sql", "..\EntregasADomicilio.Usuarios.Login.Sql\EntregasADomicilio.Usuarios.Login.Sql.csproj", "{6430E74C-D682-4E1D-8F8E-EC9F22EC6E57}"
EndProject
Project("{9A19103F-16F7-4668-BE54-9A1E7A4F7556}") = "EntregasADomicilio.Usuarios.Core", "..\EntregasADomicilio.Usuarios.Core\EntregasADomicilio.Usuarios.Core.csproj", "{DFC898EA-6D41-456F-AD9A-E96BB2BCD8DC}"
EndProject
Project("{9A19103F-16F7-4668-BE54-9A1E7A4F7556}") = "EntregasADomicilio.Usuarios.FiresStore", "..\EntregasADomicilio.Usuarios.FiresStore\EntregasADomicilio.Usuarios.FiresStore.csproj", "{541F9C89-728E-4EA3-BEAB-CA55C92B93FC}"
EndProject
Project("{9A19103F-16F7-4668-BE54-9A1E7A4F7556}") = "EntregasADomicilio.Usuarios.Login.FireStore", "..\EntregasADomicilio.Usuarios.Login.FireStore\EntregasADomicilio.Usuarios.Login.FireStore.csproj", "{E5D246BA-1B9D-40F2-9FD1-3D2648AA67D7}"
EndProject
Project("{9A19103F-16F7-4668-BE54-9A1E7A4F7556}") = "EntregasADomicilio.Web.Platillos.BusinessLayer", "EntregasADomicilio.Web.Platillos.BusinessLayer\EntregasADomicilio.Web.Platillos.BusinessLayer.csproj", "{30319C5C-5779-49C1-839C-3C8B2F99040C}"
EndProject
Project("{9A19103F-16F7-4668-BE54-9A1E7A4F7556}") = "EntregasADomicilio.Web.Platillos.Core", "EntregasADomicilio.Web.Platillos.Core\EntregasADomicilio.Web.Platillos.Core.csproj", "{E99BC090-CE9B-445A-BD11-903AC738780F}"
EndProject
Project("{9A19103F-16F7-4668-BE54-9A1E7A4F7556}") = "EntregasADomicilio.Web.Platillos.Repositorios.NoSql", "EntregasADomicilio.Web.Platillos.Repositorios.NoSql\EntregasADomicilio.Web.Platillos.Repositorios.NoSql.csproj", "{6FA22F73-F134-4C44-8034-832AFDF4BCA1}"
EndProject
Project("{9A19103F-16F7-4668-BE54-9A1E7A4F7556}") = "EntregasADomicilio.Admin.Platillos.FireStore", "..\EntregasADomicilio.Admin.Platillos.FireStore\EntregasADomicilio.Admin.Platillos.FireStore.csproj", "{792AB81A-3B7B-4678-B4A5-1A9195DE3F70}"
EndProject
Project("{9A19103F-16F7-4668-BE54-9A1E7A4F7556}") = "EntregasADomicilio.Admin.Platillos.Core", "EntregasADomicilio.Admin.Platillos.Core\EntregasADomicilio.Admin.Platillos.Core.csproj", "{AB830B70-A168-4A44-BE07-9CA1EDE66443}"
EndProject
Project("{9A19103F-16F7-4668-BE54-9A1E7A4F7556}") = "EntregasADomicilio.Web.Platillos.Repositorios.FireStore", "..\EntregasADomiclio.Web.Platillos.Repositorio.FireStore\EntregasADomicilio.Web.Platillos.Repositorios.FireStore.csproj", "{A7C33C78-ADB8-458A-98D0-78DB24CE3F05}"
EndProject
Project("{9A19103F-16F7-4668-BE54-9A1E7A4F7556}") = "EntregasADomicilio.Web.ApiGateway", "EntregasADomicilio.Web.ApiGateway\EntregasADomicilio.Web.ApiGateway.csproj", "{70F62657-A1FB-4D6C-BB49-8938E7C74F13}"
EndProject
Project("{FAE04EC0-301F-11D3-BF4B-00C04F79EFBC}") = "EntregasADomicilio.Web.Pedidos.Core", "EntregasADomicilio.Web.Pedidos.Core\EntregasADomicilio.Web.Pedidos.Core.csproj", "{647F83C7-02B2-408F-903D-72BEE86C2B3A}"
EndProject
Project("{FAE04EC0-301F-11D3-BF4B-00C04F79EFBC}") = "EntregasADomicilio.Usuarios.Repositorios.FiresStore.Clientes", "..\EntregasADomicilio.Clientes.Repositorios.FiresStore\EntregasADomicilio.Usuarios.Repositorios.FiresStore.Clientes.csproj", "{0280A12E-8115-4443-9683-9A5575BBF061}"
EndProject
Global
	GlobalSection(SolutionConfigurationPlatforms) = preSolution
		Debug|Any CPU = Debug|Any CPU
		Release|Any CPU = Release|Any CPU
	EndGlobalSection
	GlobalSection(ProjectConfigurationPlatforms) = postSolution
		{CCE10698-60A0-400F-9BE8-1E0AB5735FE3}.Debug|Any CPU.ActiveCfg = Debug|Any CPU
		{CCE10698-60A0-400F-9BE8-1E0AB5735FE3}.Debug|Any CPU.Build.0 = Debug|Any CPU
		{CCE10698-60A0-400F-9BE8-1E0AB5735FE3}.Release|Any CPU.ActiveCfg = Release|Any CPU
		{CCE10698-60A0-400F-9BE8-1E0AB5735FE3}.Release|Any CPU.Build.0 = Release|Any CPU
		{840807EB-3FC7-497E-AF00-CA6F932C6731}.Debug|Any CPU.ActiveCfg = Debug|Any CPU
		{840807EB-3FC7-497E-AF00-CA6F932C6731}.Debug|Any CPU.Build.0 = Debug|Any CPU
		{840807EB-3FC7-497E-AF00-CA6F932C6731}.Release|Any CPU.ActiveCfg = Release|Any CPU
		{840807EB-3FC7-497E-AF00-CA6F932C6731}.Release|Any CPU.Build.0 = Release|Any CPU
		{E7F43D28-AC11-42C7-A072-59A429ED4380}.Debug|Any CPU.ActiveCfg = Debug|Any CPU
		{E7F43D28-AC11-42C7-A072-59A429ED4380}.Debug|Any CPU.Build.0 = Debug|Any CPU
		{E7F43D28-AC11-42C7-A072-59A429ED4380}.Release|Any CPU.ActiveCfg = Release|Any CPU
		{E7F43D28-AC11-42C7-A072-59A429ED4380}.Release|Any CPU.Build.0 = Release|Any CPU
		{7DAC92AF-1CE7-4040-B629-017AF61D3472}.Debug|Any CPU.ActiveCfg = Debug|Any CPU
		{7DAC92AF-1CE7-4040-B629-017AF61D3472}.Debug|Any CPU.Build.0 = Debug|Any CPU
		{7DAC92AF-1CE7-4040-B629-017AF61D3472}.Release|Any CPU.ActiveCfg = Release|Any CPU
		{7DAC92AF-1CE7-4040-B629-017AF61D3472}.Release|Any CPU.Build.0 = Release|Any CPU
		{F51DC31C-9630-400D-9001-F3885CFA391E}.Debug|Any CPU.ActiveCfg = Debug|Any CPU
		{F51DC31C-9630-400D-9001-F3885CFA391E}.Debug|Any CPU.Build.0 = Debug|Any CPU
		{F51DC31C-9630-400D-9001-F3885CFA391E}.Release|Any CPU.ActiveCfg = Release|Any CPU
		{F51DC31C-9630-400D-9001-F3885CFA391E}.Release|Any CPU.Build.0 = Release|Any CPU
		{AF27F72F-B17F-414A-93CF-FB25022ACA52}.Debug|Any CPU.ActiveCfg = Debug|Any CPU
		{AF27F72F-B17F-414A-93CF-FB25022ACA52}.Debug|Any CPU.Build.0 = Debug|Any CPU
		{AF27F72F-B17F-414A-93CF-FB25022ACA52}.Release|Any CPU.ActiveCfg = Release|Any CPU
		{AF27F72F-B17F-414A-93CF-FB25022ACA52}.Release|Any CPU.Build.0 = Release|Any CPU
		{198E733D-D12C-4F23-8199-B34EFC757D63}.Debug|Any CPU.ActiveCfg = Debug|Any CPU
		{198E733D-D12C-4F23-8199-B34EFC757D63}.Debug|Any CPU.Build.0 = Debug|Any CPU
		{198E733D-D12C-4F23-8199-B34EFC757D63}.Release|Any CPU.ActiveCfg = Release|Any CPU
		{198E733D-D12C-4F23-8199-B34EFC757D63}.Release|Any CPU.Build.0 = Release|Any CPU
		{E4E3B1AB-0586-4DDC-A1C1-47BBC4426915}.Debug|Any CPU.ActiveCfg = Debug|Any CPU
		{E4E3B1AB-0586-4DDC-A1C1-47BBC4426915}.Debug|Any CPU.Build.0 = Debug|Any CPU
		{E4E3B1AB-0586-4DDC-A1C1-47BBC4426915}.Release|Any CPU.ActiveCfg = Release|Any CPU
		{E4E3B1AB-0586-4DDC-A1C1-47BBC4426915}.Release|Any CPU.Build.0 = Release|Any CPU
		{EAF15E5E-9C77-416B-86E1-3B147DFC4366}.Debug|Any CPU.ActiveCfg = Debug|Any CPU
		{EAF15E5E-9C77-416B-86E1-3B147DFC4366}.Debug|Any CPU.Build.0 = Debug|Any CPU
		{EAF15E5E-9C77-416B-86E1-3B147DFC4366}.Release|Any CPU.ActiveCfg = Release|Any CPU
		{EAF15E5E-9C77-416B-86E1-3B147DFC4366}.Release|Any CPU.Build.0 = Release|Any CPU
		{0C51E6DF-E797-4B22-8171-57C998ACDFCE}.Debug|Any CPU.ActiveCfg = Debug|Any CPU
		{0C51E6DF-E797-4B22-8171-57C998ACDFCE}.Debug|Any CPU.Build.0 = Debug|Any CPU
		{0C51E6DF-E797-4B22-8171-57C998ACDFCE}.Release|Any CPU.ActiveCfg = Release|Any CPU
		{0C51E6DF-E797-4B22-8171-57C998ACDFCE}.Release|Any CPU.Build.0 = Release|Any CPU
		{D730D14D-3147-4C6F-B7B9-B02CBCAC6783}.Debug|Any CPU.ActiveCfg = Debug|Any CPU
		{D730D14D-3147-4C6F-B7B9-B02CBCAC6783}.Debug|Any CPU.Build.0 = Debug|Any CPU
		{D730D14D-3147-4C6F-B7B9-B02CBCAC6783}.Release|Any CPU.ActiveCfg = Release|Any CPU
		{D730D14D-3147-4C6F-B7B9-B02CBCAC6783}.Release|Any CPU.Build.0 = Release|Any CPU
		{8A1925FE-BA7A-4CD7-A7BB-F47AD714EC3A}.Debug|Any CPU.ActiveCfg = Debug|Any CPU
		{8A1925FE-BA7A-4CD7-A7BB-F47AD714EC3A}.Debug|Any CPU.Build.0 = Debug|Any CPU
		{8A1925FE-BA7A-4CD7-A7BB-F47AD714EC3A}.Release|Any CPU.ActiveCfg = Release|Any CPU
		{8A1925FE-BA7A-4CD7-A7BB-F47AD714EC3A}.Release|Any CPU.Build.0 = Release|Any CPU
		{FCED6FEF-2BBE-4680-B4F3-F81A1EB02C19}.Debug|Any CPU.ActiveCfg = Debug|Any CPU
		{FCED6FEF-2BBE-4680-B4F3-F81A1EB02C19}.Debug|Any CPU.Build.0 = Debug|Any CPU
		{FCED6FEF-2BBE-4680-B4F3-F81A1EB02C19}.Release|Any CPU.ActiveCfg = Release|Any CPU
		{FCED6FEF-2BBE-4680-B4F3-F81A1EB02C19}.Release|Any CPU.Build.0 = Release|Any CPU
		{B1A24760-D29A-4ECF-8C12-885C4BFCB5DB}.Debug|Any CPU.ActiveCfg = Debug|Any CPU
		{B1A24760-D29A-4ECF-8C12-885C4BFCB5DB}.Debug|Any CPU.Build.0 = Debug|Any CPU
		{B1A24760-D29A-4ECF-8C12-885C4BFCB5DB}.Release|Any CPU.ActiveCfg = Release|Any CPU
		{B1A24760-D29A-4ECF-8C12-885C4BFCB5DB}.Release|Any CPU.Build.0 = Release|Any CPU
		{B336316C-3728-4FA3-8EEF-6C3176D0F1CC}.Debug|Any CPU.ActiveCfg = Debug|Any CPU
		{B336316C-3728-4FA3-8EEF-6C3176D0F1CC}.Debug|Any CPU.Build.0 = Debug|Any CPU
		{B336316C-3728-4FA3-8EEF-6C3176D0F1CC}.Release|Any CPU.ActiveCfg = Release|Any CPU
		{B336316C-3728-4FA3-8EEF-6C3176D0F1CC}.Release|Any CPU.Build.0 = Release|Any CPU
		{12CAE2A1-A2D3-4F34-8837-659087C98792}.Debug|Any CPU.ActiveCfg = Debug|Any CPU
		{12CAE2A1-A2D3-4F34-8837-659087C98792}.Debug|Any CPU.Build.0 = Debug|Any CPU
		{12CAE2A1-A2D3-4F34-8837-659087C98792}.Release|Any CPU.ActiveCfg = Release|Any CPU
		{12CAE2A1-A2D3-4F34-8837-659087C98792}.Release|Any CPU.Build.0 = Release|Any CPU
		{7222CC2E-8C4F-46D7-89F5-97B8FF3D8FB6}.Debug|Any CPU.ActiveCfg = Debug|Any CPU
		{7222CC2E-8C4F-46D7-89F5-97B8FF3D8FB6}.Debug|Any CPU.Build.0 = Debug|Any CPU
		{7222CC2E-8C4F-46D7-89F5-97B8FF3D8FB6}.Release|Any CPU.ActiveCfg = Release|Any CPU
		{7222CC2E-8C4F-46D7-89F5-97B8FF3D8FB6}.Release|Any CPU.Build.0 = Release|Any CPU
		{92840EC2-56D4-4F66-BFE7-0945C96DB375}.Debug|Any CPU.ActiveCfg = Debug|Any CPU
		{92840EC2-56D4-4F66-BFE7-0945C96DB375}.Debug|Any CPU.Build.0 = Debug|Any CPU
		{92840EC2-56D4-4F66-BFE7-0945C96DB375}.Release|Any CPU.ActiveCfg = Release|Any CPU
		{92840EC2-56D4-4F66-BFE7-0945C96DB375}.Release|Any CPU.Build.0 = Release|Any CPU
		{09E83F18-0CB2-488C-AA8B-9C709765BC79}.Debug|Any CPU.ActiveCfg = Debug|Any CPU
		{09E83F18-0CB2-488C-AA8B-9C709765BC79}.Debug|Any CPU.Build.0 = Debug|Any CPU
		{09E83F18-0CB2-488C-AA8B-9C709765BC79}.Release|Any CPU.ActiveCfg = Release|Any CPU
		{09E83F18-0CB2-488C-AA8B-9C709765BC79}.Release|Any CPU.Build.0 = Release|Any CPU
		{6E252B76-099B-4F14-9B00-D8EB6C00F231}.Debug|Any CPU.ActiveCfg = Debug|Any CPU
		{6E252B76-099B-4F14-9B00-D8EB6C00F231}.Debug|Any CPU.Build.0 = Debug|Any CPU
		{6E252B76-099B-4F14-9B00-D8EB6C00F231}.Release|Any CPU.ActiveCfg = Release|Any CPU
		{6E252B76-099B-4F14-9B00-D8EB6C00F231}.Release|Any CPU.Build.0 = Release|Any CPU
		{B7B42900-3CFB-4061-A5D5-9F82957C5380}.Debug|Any CPU.ActiveCfg = Debug|Any CPU
		{B7B42900-3CFB-4061-A5D5-9F82957C5380}.Debug|Any CPU.Build.0 = Debug|Any CPU
		{B7B42900-3CFB-4061-A5D5-9F82957C5380}.Release|Any CPU.ActiveCfg = Release|Any CPU
		{B7B42900-3CFB-4061-A5D5-9F82957C5380}.Release|Any CPU.Build.0 = Release|Any CPU
		{93614826-A896-481A-A734-9640ED0B043F}.Debug|Any CPU.ActiveCfg = Debug|Any CPU
		{93614826-A896-481A-A734-9640ED0B043F}.Debug|Any CPU.Build.0 = Debug|Any CPU
		{93614826-A896-481A-A734-9640ED0B043F}.Release|Any CPU.ActiveCfg = Release|Any CPU
		{93614826-A896-481A-A734-9640ED0B043F}.Release|Any CPU.Build.0 = Release|Any CPU
		{17039146-370A-4773-A149-CC38B51A043F}.Debug|Any CPU.ActiveCfg = Debug|Any CPU
		{17039146-370A-4773-A149-CC38B51A043F}.Debug|Any CPU.Build.0 = Debug|Any CPU
		{17039146-370A-4773-A149-CC38B51A043F}.Release|Any CPU.ActiveCfg = Release|Any CPU
		{17039146-370A-4773-A149-CC38B51A043F}.Release|Any CPU.Build.0 = Release|Any CPU
		{66D84C51-2624-4454-9DE2-9EAA27C684C5}.Debug|Any CPU.ActiveCfg = Debug|Any CPU
		{66D84C51-2624-4454-9DE2-9EAA27C684C5}.Debug|Any CPU.Build.0 = Debug|Any CPU
		{66D84C51-2624-4454-9DE2-9EAA27C684C5}.Release|Any CPU.ActiveCfg = Release|Any CPU
		{66D84C51-2624-4454-9DE2-9EAA27C684C5}.Release|Any CPU.Build.0 = Release|Any CPU
		{BD6B0DF0-AAF7-47F2-AC22-E790C2A94C53}.Debug|Any CPU.ActiveCfg = Debug|Any CPU
		{BD6B0DF0-AAF7-47F2-AC22-E790C2A94C53}.Debug|Any CPU.Build.0 = Debug|Any CPU
		{BD6B0DF0-AAF7-47F2-AC22-E790C2A94C53}.Release|Any CPU.ActiveCfg = Release|Any CPU
		{BD6B0DF0-AAF7-47F2-AC22-E790C2A94C53}.Release|Any CPU.Build.0 = Release|Any CPU
		{6C10F671-8CEE-4559-A1EC-837132B0AA2D}.Debug|Any CPU.ActiveCfg = Debug|Any CPU
		{6C10F671-8CEE-4559-A1EC-837132B0AA2D}.Debug|Any CPU.Build.0 = Debug|Any CPU
		{6C10F671-8CEE-4559-A1EC-837132B0AA2D}.Release|Any CPU.ActiveCfg = Release|Any CPU
		{6C10F671-8CEE-4559-A1EC-837132B0AA2D}.Release|Any CPU.Build.0 = Release|Any CPU
		{6430E74C-D682-4E1D-8F8E-EC9F22EC6E57}.Debug|Any CPU.ActiveCfg = Debug|Any CPU
		{6430E74C-D682-4E1D-8F8E-EC9F22EC6E57}.Debug|Any CPU.Build.0 = Debug|Any CPU
		{6430E74C-D682-4E1D-8F8E-EC9F22EC6E57}.Release|Any CPU.ActiveCfg = Release|Any CPU
		{6430E74C-D682-4E1D-8F8E-EC9F22EC6E57}.Release|Any CPU.Build.0 = Release|Any CPU
		{DFC898EA-6D41-456F-AD9A-E96BB2BCD8DC}.Debug|Any CPU.ActiveCfg = Debug|Any CPU
		{DFC898EA-6D41-456F-AD9A-E96BB2BCD8DC}.Debug|Any CPU.Build.0 = Debug|Any CPU
		{DFC898EA-6D41-456F-AD9A-E96BB2BCD8DC}.Release|Any CPU.ActiveCfg = Release|Any CPU
		{DFC898EA-6D41-456F-AD9A-E96BB2BCD8DC}.Release|Any CPU.Build.0 = Release|Any CPU
		{541F9C89-728E-4EA3-BEAB-CA55C92B93FC}.Debug|Any CPU.ActiveCfg = Debug|Any CPU
		{541F9C89-728E-4EA3-BEAB-CA55C92B93FC}.Debug|Any CPU.Build.0 = Debug|Any CPU
		{541F9C89-728E-4EA3-BEAB-CA55C92B93FC}.Release|Any CPU.ActiveCfg = Release|Any CPU
		{541F9C89-728E-4EA3-BEAB-CA55C92B93FC}.Release|Any CPU.Build.0 = Release|Any CPU
		{E5D246BA-1B9D-40F2-9FD1-3D2648AA67D7}.Debug|Any CPU.ActiveCfg = Debug|Any CPU
		{E5D246BA-1B9D-40F2-9FD1-3D2648AA67D7}.Debug|Any CPU.Build.0 = Debug|Any CPU
		{E5D246BA-1B9D-40F2-9FD1-3D2648AA67D7}.Release|Any CPU.ActiveCfg = Release|Any CPU
		{E5D246BA-1B9D-40F2-9FD1-3D2648AA67D7}.Release|Any CPU.Build.0 = Release|Any CPU
		{30319C5C-5779-49C1-839C-3C8B2F99040C}.Debug|Any CPU.ActiveCfg = Debug|Any CPU
		{30319C5C-5779-49C1-839C-3C8B2F99040C}.Debug|Any CPU.Build.0 = Debug|Any CPU
		{30319C5C-5779-49C1-839C-3C8B2F99040C}.Release|Any CPU.ActiveCfg = Release|Any CPU
		{30319C5C-5779-49C1-839C-3C8B2F99040C}.Release|Any CPU.Build.0 = Release|Any CPU
		{E99BC090-CE9B-445A-BD11-903AC738780F}.Debug|Any CPU.ActiveCfg = Debug|Any CPU
		{E99BC090-CE9B-445A-BD11-903AC738780F}.Debug|Any CPU.Build.0 = Debug|Any CPU
		{E99BC090-CE9B-445A-BD11-903AC738780F}.Release|Any CPU.ActiveCfg = Release|Any CPU
		{E99BC090-CE9B-445A-BD11-903AC738780F}.Release|Any CPU.Build.0 = Release|Any CPU
		{6FA22F73-F134-4C44-8034-832AFDF4BCA1}.Debug|Any CPU.ActiveCfg = Debug|Any CPU
		{6FA22F73-F134-4C44-8034-832AFDF4BCA1}.Debug|Any CPU.Build.0 = Debug|Any CPU
		{6FA22F73-F134-4C44-8034-832AFDF4BCA1}.Release|Any CPU.ActiveCfg = Release|Any CPU
		{6FA22F73-F134-4C44-8034-832AFDF4BCA1}.Release|Any CPU.Build.0 = Release|Any CPU
		{792AB81A-3B7B-4678-B4A5-1A9195DE3F70}.Debug|Any CPU.ActiveCfg = Debug|Any CPU
		{792AB81A-3B7B-4678-B4A5-1A9195DE3F70}.Debug|Any CPU.Build.0 = Debug|Any CPU
		{792AB81A-3B7B-4678-B4A5-1A9195DE3F70}.Release|Any CPU.ActiveCfg = Release|Any CPU
		{792AB81A-3B7B-4678-B4A5-1A9195DE3F70}.Release|Any CPU.Build.0 = Release|Any CPU
		{AB830B70-A168-4A44-BE07-9CA1EDE66443}.Debug|Any CPU.ActiveCfg = Debug|Any CPU
		{AB830B70-A168-4A44-BE07-9CA1EDE66443}.Debug|Any CPU.Build.0 = Debug|Any CPU
		{AB830B70-A168-4A44-BE07-9CA1EDE66443}.Release|Any CPU.ActiveCfg = Release|Any CPU
		{AB830B70-A168-4A44-BE07-9CA1EDE66443}.Release|Any CPU.Build.0 = Release|Any CPU
		{A7C33C78-ADB8-458A-98D0-78DB24CE3F05}.Debug|Any CPU.ActiveCfg = Debug|Any CPU
		{A7C33C78-ADB8-458A-98D0-78DB24CE3F05}.Debug|Any CPU.Build.0 = Debug|Any CPU
		{A7C33C78-ADB8-458A-98D0-78DB24CE3F05}.Release|Any CPU.ActiveCfg = Release|Any CPU
		{A7C33C78-ADB8-458A-98D0-78DB24CE3F05}.Release|Any CPU.Build.0 = Release|Any CPU
		{70F62657-A1FB-4D6C-BB49-8938E7C74F13}.Debug|Any CPU.ActiveCfg = Debug|Any CPU
		{70F62657-A1FB-4D6C-BB49-8938E7C74F13}.Debug|Any CPU.Build.0 = Debug|Any CPU
		{70F62657-A1FB-4D6C-BB49-8938E7C74F13}.Release|Any CPU.ActiveCfg = Release|Any CPU
		{70F62657-A1FB-4D6C-BB49-8938E7C74F13}.Release|Any CPU.Build.0 = Release|Any CPU
		{647F83C7-02B2-408F-903D-72BEE86C2B3A}.Debug|Any CPU.ActiveCfg = Debug|Any CPU
		{647F83C7-02B2-408F-903D-72BEE86C2B3A}.Debug|Any CPU.Build.0 = Debug|Any CPU
		{647F83C7-02B2-408F-903D-72BEE86C2B3A}.Release|Any CPU.ActiveCfg = Release|Any CPU
		{647F83C7-02B2-408F-903D-72BEE86C2B3A}.Release|Any CPU.Build.0 = Release|Any CPU
		{0280A12E-8115-4443-9683-9A5575BBF061}.Debug|Any CPU.ActiveCfg = Debug|Any CPU
		{0280A12E-8115-4443-9683-9A5575BBF061}.Debug|Any CPU.Build.0 = Debug|Any CPU
		{0280A12E-8115-4443-9683-9A5575BBF061}.Release|Any CPU.ActiveCfg = Release|Any CPU
		{0280A12E-8115-4443-9683-9A5575BBF061}.Release|Any CPU.Build.0 = Release|Any CPU
	EndGlobalSection
	GlobalSection(SolutionProperties) = preSolution
		HideSolutionNode = FALSE
	EndGlobalSection
	GlobalSection(NestedProjects) = preSolution
		{CCE10698-60A0-400F-9BE8-1E0AB5735FE3} = {ECBC94ED-89D8-4B5B-8AD0-32DC934D2623}
		{840807EB-3FC7-497E-AF00-CA6F932C6731} = {5B967F62-EA7D-47AF-99A4-DD018079195E}
		{E7F43D28-AC11-42C7-A072-59A429ED4380} = {5B967F62-EA7D-47AF-99A4-DD018079195E}
		{F51DC31C-9630-400D-9001-F3885CFA391E} = {CAEB88EC-EE94-449C-8FE9-3E4966350299}
		{AF27F72F-B17F-414A-93CF-FB25022ACA52} = {9F9E8902-8585-4649-BD8D-DD5607283CC4}
		{198E733D-D12C-4F23-8199-B34EFC757D63} = {CAEB88EC-EE94-449C-8FE9-3E4966350299}
		{EAF15E5E-9C77-416B-86E1-3B147DFC4366} = {9F9E8902-8585-4649-BD8D-DD5607283CC4}
		{0C51E6DF-E797-4B22-8171-57C998ACDFCE} = {9F9E8902-8585-4649-BD8D-DD5607283CC4}
		{D730D14D-3147-4C6F-B7B9-B02CBCAC6783} = {9F9E8902-8585-4649-BD8D-DD5607283CC4}
		{8A1925FE-BA7A-4CD7-A7BB-F47AD714EC3A} = {9F9E8902-8585-4649-BD8D-DD5607283CC4}
		{B1A24760-D29A-4ECF-8C12-885C4BFCB5DB} = {9F9E8902-8585-4649-BD8D-DD5607283CC4}
		{B336316C-3728-4FA3-8EEF-6C3176D0F1CC} = {9F498C88-CF62-4252-A5C4-19E5B4F3ED18}
		{12CAE2A1-A2D3-4F34-8837-659087C98792} = {D424060D-9D24-451A-9408-289638D4FEBD}
		{7222CC2E-8C4F-46D7-89F5-97B8FF3D8FB6} = {D424060D-9D24-451A-9408-289638D4FEBD}
		{92840EC2-56D4-4F66-BFE7-0945C96DB375} = {D424060D-9D24-451A-9408-289638D4FEBD}
		{09E83F18-0CB2-488C-AA8B-9C709765BC79} = {9F498C88-CF62-4252-A5C4-19E5B4F3ED18}
		{6E252B76-099B-4F14-9B00-D8EB6C00F231} = {9F498C88-CF62-4252-A5C4-19E5B4F3ED18}
		{9F498C88-CF62-4252-A5C4-19E5B4F3ED18} = {BC264533-0409-4A2A-A6AD-9E399E10A813}
		{5B967F62-EA7D-47AF-99A4-DD018079195E} = {BC264533-0409-4A2A-A6AD-9E399E10A813}
		{D424060D-9D24-451A-9408-289638D4FEBD} = {BC264533-0409-4A2A-A6AD-9E399E10A813}
		{ECBC94ED-89D8-4B5B-8AD0-32DC934D2623} = {BC264533-0409-4A2A-A6AD-9E399E10A813}
		{B7B42900-3CFB-4061-A5D5-9F82957C5380} = {D424060D-9D24-451A-9408-289638D4FEBD}
		{CAEB88EC-EE94-449C-8FE9-3E4966350299} = {9F9E8902-8585-4649-BD8D-DD5607283CC4}
		{EEF9C5D2-200D-40CC-A153-327AD58AADEB} = {BC264533-0409-4A2A-A6AD-9E399E10A813}
		{66D84C51-2624-4454-9DE2-9EAA27C684C5} = {7A3658DB-44B6-4020-B3A4-290FE06ED031}
		{BD6B0DF0-AAF7-47F2-AC22-E790C2A94C53} = {7A3658DB-44B6-4020-B3A4-290FE06ED031}
		{6C10F671-8CEE-4559-A1EC-837132B0AA2D} = {7A3658DB-44B6-4020-B3A4-290FE06ED031}
		{6430E74C-D682-4E1D-8F8E-EC9F22EC6E57} = {7A3658DB-44B6-4020-B3A4-290FE06ED031}
		{DFC898EA-6D41-456F-AD9A-E96BB2BCD8DC} = {7A3658DB-44B6-4020-B3A4-290FE06ED031}
		{541F9C89-728E-4EA3-BEAB-CA55C92B93FC} = {7A3658DB-44B6-4020-B3A4-290FE06ED031}
		{E5D246BA-1B9D-40F2-9FD1-3D2648AA67D7} = {7A3658DB-44B6-4020-B3A4-290FE06ED031}
		{30319C5C-5779-49C1-839C-3C8B2F99040C} = {5B967F62-EA7D-47AF-99A4-DD018079195E}
		{E99BC090-CE9B-445A-BD11-903AC738780F} = {5B967F62-EA7D-47AF-99A4-DD018079195E}
		{6FA22F73-F134-4C44-8034-832AFDF4BCA1} = {5B967F62-EA7D-47AF-99A4-DD018079195E}
		{792AB81A-3B7B-4678-B4A5-1A9195DE3F70} = {CAEB88EC-EE94-449C-8FE9-3E4966350299}
		{AB830B70-A168-4A44-BE07-9CA1EDE66443} = {CAEB88EC-EE94-449C-8FE9-3E4966350299}
		{A7C33C78-ADB8-458A-98D0-78DB24CE3F05} = {5B967F62-EA7D-47AF-99A4-DD018079195E}
		{70F62657-A1FB-4D6C-BB49-8938E7C74F13} = {EEF9C5D2-200D-40CC-A153-327AD58AADEB}
		{647F83C7-02B2-408F-903D-72BEE86C2B3A} = {9F498C88-CF62-4252-A5C4-19E5B4F3ED18}
		{0280A12E-8115-4443-9683-9A5575BBF061} = {7A3658DB-44B6-4020-B3A4-290FE06ED031}
	EndGlobalSection
	GlobalSection(ExtensibilityGlobals) = postSolution
		SolutionGuid = {AB7B9F1A-30F8-419D-8227-9832D925EB7C}
	EndGlobalSection
EndGlobal
