
Microsoft Visual Studio Solution File, Format Version 12.00
# Visual Studio Version 17
VisualStudioVersion = 17.8.34511.84
MinimumVisualStudioVersion = 10.0.40219.1
Project("{2150E333-8FDC-42A3-9474-1A3956D46DE8}") = "Solution Items", "Solution Items", "{7CB1D855-7360-46BF-8DDB-9AB11CF0037D}"
	ProjectSection(SolutionItems) = preProject
		.dockerignore = .dockerignore
		Dockerfile_usuarios.Dockerfile = Dockerfile_usuarios.Dockerfile
		README.md = README.md
	EndProjectSection
EndProject
Project("{9A19103F-16F7-4668-BE54-9A1E7A4F7556}") = "EntregasADomicilio.AlmacenLocal.Api", "EntregasADomicilio.AlmacenLocal.Api\EntregasADomicilio.AlmacenLocal.Api.csproj", "{7DAC92AF-1CE7-4040-B629-017AF61D3472}"
EndProject
Project("{9A19103F-16F7-4668-BE54-9A1E7A4F7556}") = "EntregasADomicilio.Admin.Platillos.Api", "EntregasADomicilio.Admin\EntregasADomicilio.Admin.Platillos.Api.csproj", "{F51DC31C-9630-400D-9001-F3885CFA391E}"
EndProject
Project("{9A19103F-16F7-4668-BE54-9A1E7A4F7556}") = "EntregasADomicilio.Admin.Repositorio.Sql", "EntregasADomicilio.Admin.Repositorio.Sql\EntregasADomicilio.Admin.Repositorio.Sql.csproj", "{AF27F72F-B17F-414A-93CF-FB25022ACA52}"
EndProject
Project("{9A19103F-16F7-4668-BE54-9A1E7A4F7556}") = "EntregasADomicilio.Admin.Platillos.BusinessLayer", "EntregasADomicilio.Admin.BusinessLayer\EntregasADomicilio.Admin.Platillos.BusinessLayer.csproj", "{198E733D-D12C-4F23-8199-B34EFC757D63}"
EndProject
Project("{9A19103F-16F7-4668-BE54-9A1E7A4F7556}") = "EntregasADomicilio.StoreFiles", "EntregasADomiclio.StoreFilesLocal\EntregasADomicilio.StoreFiles.csproj", "{E4E3B1AB-0586-4DDC-A1C1-47BBC4426915}"
EndProject
Project("{2150E333-8FDC-42A3-9474-1A3956D46DE8}") = "Admin", "Admin", "{9F9E8902-8585-4649-BD8D-DD5607283CC4}"
EndProject
Project("{2150E333-8FDC-42A3-9474-1A3956D46DE8}") = "Web", "Web", "{BC264533-0409-4A2A-A6AD-9E399E10A813}"
EndProject
Project("{2150E333-8FDC-42A3-9474-1A3956D46DE8}") = "Repartidor", "Repartidor", "{2329C187-7EB9-445E-9550-137D367A48C7}"
EndProject
Project("{9A19103F-16F7-4668-BE54-9A1E7A4F7556}") = "EntregaADomicilio.Admin.Usuarios.Api", "EntregaADomiclio.Admin.Usuarios.Api\EntregaADomicilio.Admin.Usuarios.Api.csproj", "{EAF15E5E-9C77-416B-86E1-3B147DFC4366}"
EndProject
Project("{9A19103F-16F7-4668-BE54-9A1E7A4F7556}") = "EntregasADomicilio.Admin.Pedidos.Api", "EntregasADomicilio.Admin.Pedidos.Api\EntregasADomicilio.Admin.Pedidos.Api.csproj", "{0C51E6DF-E797-4B22-8171-57C998ACDFCE}"
EndProject
Project("{9A19103F-16F7-4668-BE54-9A1E7A4F7556}") = "EntregasADomicilio.Admin.WebData.Api", "EntregasADomicilio.Admin.WebData.Api\EntregasADomicilio.Admin.WebData.Api.csproj", "{D730D14D-3147-4C6F-B7B9-B02CBCAC6783}"
EndProject
Project("{9A19103F-16F7-4668-BE54-9A1E7A4F7556}") = "EntregasADomicilio.Admin.WebData.BusinessLayer", "EntregasADomicilio.Admin.WebData.BusinessLayer\EntregasADomicilio.Admin.WebData.BusinessLayer.csproj", "{8A1925FE-BA7A-4CD7-A7BB-F47AD714EC3A}"
EndProject
Project("{9A19103F-16F7-4668-BE54-9A1E7A4F7556}") = "EntregasADomicilio.Admin.WebData.Repositorio.Sql", "EntregasADomicilio.Admin.WebData.Repository.Sql\EntregasADomicilio.Admin.WebData.Repositorio.Sql.csproj", "{B1A24760-D29A-4ECF-8C12-885C4BFCB5DB}"
EndProject
Project("{9A19103F-16F7-4668-BE54-9A1E7A4F7556}") = "EntregasADomicilio.Web.Pedidos.Api", "EntregasADomicilio.Web.Pedidos.Api\EntregasADomicilio.Web.Pedidos.Api.csproj", "{B336316C-3728-4FA3-8EEF-6C3176D0F1CC}"
EndProject
Project("{9A19103F-16F7-4668-BE54-9A1E7A4F7556}") = "EntregasADomicilio.Web.Pedidos.BusinessLayer", "EntregasADomicilio.Web.Pedidos.BusinessLayer\EntregasADomicilio.Web.Pedidos.BusinessLayer.csproj", "{09E83F18-0CB2-488C-AA8B-9C709765BC79}"
EndProject
Project("{2150E333-8FDC-42A3-9474-1A3956D46DE8}") = "Pedidos", "Pedidos", "{9F498C88-CF62-4252-A5C4-19E5B4F3ED18}"
EndProject
Project("{2150E333-8FDC-42A3-9474-1A3956D46DE8}") = "Platillos", "Platillos", "{CAEB88EC-EE94-449C-8FE9-3E4966350299}"
EndProject
Project("{9A19103F-16F7-4668-BE54-9A1E7A4F7556}") = "JwtTokenService", "JwtTokenService\JwtTokenService.csproj", "{17039146-370A-4773-A149-CC38B51A043F}"
EndProject
Project("{2150E333-8FDC-42A3-9474-1A3956D46DE8}") = "Usuarios", "Usuarios", "{7A3658DB-44B6-4020-B3A4-290FE06ED031}"
EndProject
Project("{9A19103F-16F7-4668-BE54-9A1E7A4F7556}") = "EntregasADomicilio.Usuarios.Api", "EntregasADomicilio.Usuarios.Api\EntregasADomicilio.Usuarios.Api.csproj", "{66D84C51-2624-4454-9DE2-9EAA27C684C5}"
EndProject
Project("{9A19103F-16F7-4668-BE54-9A1E7A4F7556}") = "EntregasADomicilio.Admin.Platillos.FireStore", "EntregasADomicilio.Admin.Platillos.FireStore\EntregasADomicilio.Admin.Platillos.FireStore.csproj", "{792AB81A-3B7B-4678-B4A5-1A9195DE3F70}"
EndProject
Project("{9A19103F-16F7-4668-BE54-9A1E7A4F7556}") = "EntregasADomicilio.Admin.Platillos.Core", "EntregasADomicilio.Admin.Platillos.Core\EntregasADomicilio.Admin.Platillos.Core.csproj", "{AB830B70-A168-4A44-BE07-9CA1EDE66443}"
EndProject
Project("{9A19103F-16F7-4668-BE54-9A1E7A4F7556}") = "EntregasADomicilio.Web.ApiGateway", "EntregasADomicilio.Web.ApiGateway\EntregasADomicilio.Web.ApiGateway.csproj", "{70F62657-A1FB-4D6C-BB49-8938E7C74F13}"
EndProject
Project("{9A19103F-16F7-4668-BE54-9A1E7A4F7556}") = "EntregasADomicilio.Web.Pedidos.Core", "EntregasADomicilio.Web.Pedidos.Core\EntregasADomicilio.Web.Pedidos.Core.csproj", "{647F83C7-02B2-408F-903D-72BEE86C2B3A}"
EndProject
Project("{9A19103F-16F7-4668-BE54-9A1E7A4F7556}") = "EntregasADomicilio.Usuarios.Repositorios.Firestore.Clientes", "EntregasADomicilio.Clientes.Repositorios.FiresStore\EntregasADomicilio.Usuarios.Repositorios.Firestore.Clientes.csproj", "{0280A12E-8115-4443-9683-9A5575BBF061}"
EndProject
Project("{9A19103F-16F7-4668-BE54-9A1E7A4F7556}") = "EntregasADomicilio.Usuarios.BusinessLayer", "EntregasADomicilio.Usuarios.BusinessLayer\EntregasADomicilio.Usuarios.BusinessLayer.csproj", "{A0FB54E6-D9DA-4804-A44C-443135CBE4B5}"
EndProject
Project("{9A19103F-16F7-4668-BE54-9A1E7A4F7556}") = "EntregasADomicilio.Usuarios.Repositorios.Firestore.Login", "EntregasADomicilio.Usuarios.Repositorios.Firestore.Login\EntregasADomicilio.Usuarios.Repositorios.Firestore.Login.csproj", "{409E142A-852B-4387-80F1-F5C6DF654F4A}"
EndProject
Project("{9A19103F-16F7-4668-BE54-9A1E7A4F7556}") = "EntregasADomicilio.Usuarios.Repositorios.Firestore.Usuarios", "EntregasADomicilio.Usuarios.Repositorios.Firestore.Usuarios\EntregasADomicilio.Usuarios.Repositorios.Firestore.Usuarios.csproj", "{C1C1F5EF-256A-4D93-8966-5B589F745E65}"
EndProject
Project("{9A19103F-16F7-4668-BE54-9A1E7A4F7556}") = "EntregasADomicilio.Usuarios.Core", "EntregasADomicilio.Usuarios.Core\EntregasADomicilio.Usuarios.Core.csproj", "{AF990C4B-0154-4A03-8E36-0DC33BF63F00}"
EndProject
Project("{9A19103F-16F7-4668-BE54-9A1E7A4F7556}") = "EntregasADomicilio.Web.Pedidos.Servicios", "EntregasADomicilio.Web.Pedidos.Platillos.Servicios\EntregasADomicilio.Web.Pedidos.Servicios.csproj", "{57296093-19A2-476E-9A37-D1D396CC9797}"
EndProject
Project("{9A19103F-16F7-4668-BE54-9A1E7A4F7556}") = "EntregasADomicilio.Web.Pedidos.Repositorios.Firestore", "EntregasADomicilio.Web.Pedidos.Servicios\EntregasADomicilio.Web.Pedidos.Repositorios.Firestore.csproj", "{3F97FF09-A5C3-4899-84C5-F331786AF4E1}"
EndProject
Project("{9A19103F-16F7-4668-BE54-9A1E7A4F7556}") = "EntregasADomicilio.Web.Platillos.Api.V2", "EntregasADomicilio.Web.Platillos.Api.V2\EntregasADomicilio.Web.Platillos.Api.V2.csproj", "{43A88FDB-053A-4DD8-8030-CFCB1270F099}"
EndProject
Project("{E53339B2-1760-4266-BCC7-CA923CBCF16C}") = "docker-compose", "docker-compose.dcproj", "{A65FC6E8-06A2-451D-B920-748435D2AF41}"
EndProject
Project("{2150E333-8FDC-42A3-9474-1A3956D46DE8}") = "Cocina", "Cocina", "{30923D11-3B56-4067-BB79-76AE96986A43}"
EndProject
Project("{9A19103F-16F7-4668-BE54-9A1E7A4F7556}") = "EntregasADomicilio.Cocina.Pedidos.Api", "..\EntregasADomicilio.Cocina.Pedidos.Api\EntregasADomicilio.Cocina.Pedidos.Api.csproj", "{08C2C565-4E62-40F8-9E12-446089065E04}"
EndProject
Global
	GlobalSection(SolutionConfigurationPlatforms) = preSolution
		Debug|Any CPU = Debug|Any CPU
		Release|Any CPU = Release|Any CPU
	EndGlobalSection
	GlobalSection(ProjectConfigurationPlatforms) = postSolution
		{7DAC92AF-1CE7-4040-B629-017AF61D3472}.Debug|Any CPU.ActiveCfg = Debug|Any CPU
		{7DAC92AF-1CE7-4040-B629-017AF61D3472}.Debug|Any CPU.Build.0 = Debug|Any CPU
		{7DAC92AF-1CE7-4040-B629-017AF61D3472}.Release|Any CPU.ActiveCfg = Release|Any CPU
		{7DAC92AF-1CE7-4040-B629-017AF61D3472}.Release|Any CPU.Build.0 = Release|Any CPU
		{F51DC31C-9630-400D-9001-F3885CFA391E}.Debug|Any CPU.ActiveCfg = Debug|Any CPU
		{F51DC31C-9630-400D-9001-F3885CFA391E}.Debug|Any CPU.Build.0 = Debug|Any CPU
		{F51DC31C-9630-400D-9001-F3885CFA391E}.Release|Any CPU.ActiveCfg = Release|Any CPU
		{F51DC31C-9630-400D-9001-F3885CFA391E}.Release|Any CPU.Build.0 = Release|Any CPU
		{AF27F72F-B17F-414A-93CF-FB25022ACA52}.Debug|Any CPU.ActiveCfg = Debug|Any CPU
		{AF27F72F-B17F-414A-93CF-FB25022ACA52}.Debug|Any CPU.Build.0 = Debug|Any CPU
		{AF27F72F-B17F-414A-93CF-FB25022ACA52}.Release|Any CPU.ActiveCfg = Release|Any CPU
		{AF27F72F-B17F-414A-93CF-FB25022ACA52}.Release|Any CPU.Build.0 = Release|Any CPU
		{198E733D-D12C-4F23-8199-B34EFC757D63}.Debug|Any CPU.ActiveCfg = Debug|Any CPU
		{198E733D-D12C-4F23-8199-B34EFC757D63}.Debug|Any CPU.Build.0 = Debug|Any CPU
		{198E733D-D12C-4F23-8199-B34EFC757D63}.Release|Any CPU.ActiveCfg = Release|Any CPU
		{198E733D-D12C-4F23-8199-B34EFC757D63}.Release|Any CPU.Build.0 = Release|Any CPU
		{E4E3B1AB-0586-4DDC-A1C1-47BBC4426915}.Debug|Any CPU.ActiveCfg = Debug|Any CPU
		{E4E3B1AB-0586-4DDC-A1C1-47BBC4426915}.Debug|Any CPU.Build.0 = Debug|Any CPU
		{E4E3B1AB-0586-4DDC-A1C1-47BBC4426915}.Release|Any CPU.ActiveCfg = Release|Any CPU
		{E4E3B1AB-0586-4DDC-A1C1-47BBC4426915}.Release|Any CPU.Build.0 = Release|Any CPU
		{EAF15E5E-9C77-416B-86E1-3B147DFC4366}.Debug|Any CPU.ActiveCfg = Debug|Any CPU
		{EAF15E5E-9C77-416B-86E1-3B147DFC4366}.Debug|Any CPU.Build.0 = Debug|Any CPU
		{EAF15E5E-9C77-416B-86E1-3B147DFC4366}.Release|Any CPU.ActiveCfg = Release|Any CPU
		{EAF15E5E-9C77-416B-86E1-3B147DFC4366}.Release|Any CPU.Build.0 = Release|Any CPU
		{0C51E6DF-E797-4B22-8171-57C998ACDFCE}.Debug|Any CPU.ActiveCfg = Debug|Any CPU
		{0C51E6DF-E797-4B22-8171-57C998ACDFCE}.Debug|Any CPU.Build.0 = Debug|Any CPU
		{0C51E6DF-E797-4B22-8171-57C998ACDFCE}.Release|Any CPU.ActiveCfg = Release|Any CPU
		{0C51E6DF-E797-4B22-8171-57C998ACDFCE}.Release|Any CPU.Build.0 = Release|Any CPU
		{D730D14D-3147-4C6F-B7B9-B02CBCAC6783}.Debug|Any CPU.ActiveCfg = Debug|Any CPU
		{D730D14D-3147-4C6F-B7B9-B02CBCAC6783}.Debug|Any CPU.Build.0 = Debug|Any CPU
		{D730D14D-3147-4C6F-B7B9-B02CBCAC6783}.Release|Any CPU.ActiveCfg = Release|Any CPU
		{D730D14D-3147-4C6F-B7B9-B02CBCAC6783}.Release|Any CPU.Build.0 = Release|Any CPU
		{8A1925FE-BA7A-4CD7-A7BB-F47AD714EC3A}.Debug|Any CPU.ActiveCfg = Debug|Any CPU
		{8A1925FE-BA7A-4CD7-A7BB-F47AD714EC3A}.Debug|Any CPU.Build.0 = Debug|Any CPU
		{8A1925FE-BA7A-4CD7-A7BB-F47AD714EC3A}.Release|Any CPU.ActiveCfg = Release|Any CPU
		{8A1925FE-BA7A-4CD7-A7BB-F47AD714EC3A}.Release|Any CPU.Build.0 = Release|Any CPU
		{B1A24760-D29A-4ECF-8C12-885C4BFCB5DB}.Debug|Any CPU.ActiveCfg = Debug|Any CPU
		{B1A24760-D29A-4ECF-8C12-885C4BFCB5DB}.Debug|Any CPU.Build.0 = Debug|Any CPU
		{B1A24760-D29A-4ECF-8C12-885C4BFCB5DB}.Release|Any CPU.ActiveCfg = Release|Any CPU
		{B1A24760-D29A-4ECF-8C12-885C4BFCB5DB}.Release|Any CPU.Build.0 = Release|Any CPU
		{B336316C-3728-4FA3-8EEF-6C3176D0F1CC}.Debug|Any CPU.ActiveCfg = Debug|Any CPU
		{B336316C-3728-4FA3-8EEF-6C3176D0F1CC}.Debug|Any CPU.Build.0 = Debug|Any CPU
		{B336316C-3728-4FA3-8EEF-6C3176D0F1CC}.Release|Any CPU.ActiveCfg = Release|Any CPU
		{B336316C-3728-4FA3-8EEF-6C3176D0F1CC}.Release|Any CPU.Build.0 = Release|Any CPU
		{09E83F18-0CB2-488C-AA8B-9C709765BC79}.Debug|Any CPU.ActiveCfg = Debug|Any CPU
		{09E83F18-0CB2-488C-AA8B-9C709765BC79}.Debug|Any CPU.Build.0 = Debug|Any CPU
		{09E83F18-0CB2-488C-AA8B-9C709765BC79}.Release|Any CPU.ActiveCfg = Release|Any CPU
		{09E83F18-0CB2-488C-AA8B-9C709765BC79}.Release|Any CPU.Build.0 = Release|Any CPU
		{17039146-370A-4773-A149-CC38B51A043F}.Debug|Any CPU.ActiveCfg = Debug|Any CPU
		{17039146-370A-4773-A149-CC38B51A043F}.Debug|Any CPU.Build.0 = Debug|Any CPU
		{17039146-370A-4773-A149-CC38B51A043F}.Release|Any CPU.ActiveCfg = Release|Any CPU
		{17039146-370A-4773-A149-CC38B51A043F}.Release|Any CPU.Build.0 = Release|Any CPU
		{66D84C51-2624-4454-9DE2-9EAA27C684C5}.Debug|Any CPU.ActiveCfg = Debug|Any CPU
		{66D84C51-2624-4454-9DE2-9EAA27C684C5}.Debug|Any CPU.Build.0 = Debug|Any CPU
		{66D84C51-2624-4454-9DE2-9EAA27C684C5}.Release|Any CPU.ActiveCfg = Release|Any CPU
		{66D84C51-2624-4454-9DE2-9EAA27C684C5}.Release|Any CPU.Build.0 = Release|Any CPU
		{792AB81A-3B7B-4678-B4A5-1A9195DE3F70}.Debug|Any CPU.ActiveCfg = Debug|Any CPU
		{792AB81A-3B7B-4678-B4A5-1A9195DE3F70}.Debug|Any CPU.Build.0 = Debug|Any CPU
		{792AB81A-3B7B-4678-B4A5-1A9195DE3F70}.Release|Any CPU.ActiveCfg = Release|Any CPU
		{792AB81A-3B7B-4678-B4A5-1A9195DE3F70}.Release|Any CPU.Build.0 = Release|Any CPU
		{AB830B70-A168-4A44-BE07-9CA1EDE66443}.Debug|Any CPU.ActiveCfg = Debug|Any CPU
		{AB830B70-A168-4A44-BE07-9CA1EDE66443}.Debug|Any CPU.Build.0 = Debug|Any CPU
		{AB830B70-A168-4A44-BE07-9CA1EDE66443}.Release|Any CPU.ActiveCfg = Release|Any CPU
		{AB830B70-A168-4A44-BE07-9CA1EDE66443}.Release|Any CPU.Build.0 = Release|Any CPU
		{70F62657-A1FB-4D6C-BB49-8938E7C74F13}.Debug|Any CPU.ActiveCfg = Debug|Any CPU
		{70F62657-A1FB-4D6C-BB49-8938E7C74F13}.Debug|Any CPU.Build.0 = Debug|Any CPU
		{70F62657-A1FB-4D6C-BB49-8938E7C74F13}.Release|Any CPU.ActiveCfg = Release|Any CPU
		{70F62657-A1FB-4D6C-BB49-8938E7C74F13}.Release|Any CPU.Build.0 = Release|Any CPU
		{647F83C7-02B2-408F-903D-72BEE86C2B3A}.Debug|Any CPU.ActiveCfg = Debug|Any CPU
		{647F83C7-02B2-408F-903D-72BEE86C2B3A}.Debug|Any CPU.Build.0 = Debug|Any CPU
		{647F83C7-02B2-408F-903D-72BEE86C2B3A}.Release|Any CPU.ActiveCfg = Release|Any CPU
		{647F83C7-02B2-408F-903D-72BEE86C2B3A}.Release|Any CPU.Build.0 = Release|Any CPU
		{0280A12E-8115-4443-9683-9A5575BBF061}.Debug|Any CPU.ActiveCfg = Debug|Any CPU
		{0280A12E-8115-4443-9683-9A5575BBF061}.Debug|Any CPU.Build.0 = Debug|Any CPU
		{0280A12E-8115-4443-9683-9A5575BBF061}.Release|Any CPU.ActiveCfg = Release|Any CPU
		{0280A12E-8115-4443-9683-9A5575BBF061}.Release|Any CPU.Build.0 = Release|Any CPU
		{A0FB54E6-D9DA-4804-A44C-443135CBE4B5}.Debug|Any CPU.ActiveCfg = Debug|Any CPU
		{A0FB54E6-D9DA-4804-A44C-443135CBE4B5}.Debug|Any CPU.Build.0 = Debug|Any CPU
		{A0FB54E6-D9DA-4804-A44C-443135CBE4B5}.Release|Any CPU.ActiveCfg = Release|Any CPU
		{A0FB54E6-D9DA-4804-A44C-443135CBE4B5}.Release|Any CPU.Build.0 = Release|Any CPU
		{409E142A-852B-4387-80F1-F5C6DF654F4A}.Debug|Any CPU.ActiveCfg = Debug|Any CPU
		{409E142A-852B-4387-80F1-F5C6DF654F4A}.Debug|Any CPU.Build.0 = Debug|Any CPU
		{409E142A-852B-4387-80F1-F5C6DF654F4A}.Release|Any CPU.ActiveCfg = Release|Any CPU
		{409E142A-852B-4387-80F1-F5C6DF654F4A}.Release|Any CPU.Build.0 = Release|Any CPU
		{C1C1F5EF-256A-4D93-8966-5B589F745E65}.Debug|Any CPU.ActiveCfg = Debug|Any CPU
		{C1C1F5EF-256A-4D93-8966-5B589F745E65}.Debug|Any CPU.Build.0 = Debug|Any CPU
		{C1C1F5EF-256A-4D93-8966-5B589F745E65}.Release|Any CPU.ActiveCfg = Release|Any CPU
		{C1C1F5EF-256A-4D93-8966-5B589F745E65}.Release|Any CPU.Build.0 = Release|Any CPU
		{AF990C4B-0154-4A03-8E36-0DC33BF63F00}.Debug|Any CPU.ActiveCfg = Debug|Any CPU
		{AF990C4B-0154-4A03-8E36-0DC33BF63F00}.Debug|Any CPU.Build.0 = Debug|Any CPU
		{AF990C4B-0154-4A03-8E36-0DC33BF63F00}.Release|Any CPU.ActiveCfg = Release|Any CPU
		{AF990C4B-0154-4A03-8E36-0DC33BF63F00}.Release|Any CPU.Build.0 = Release|Any CPU
		{57296093-19A2-476E-9A37-D1D396CC9797}.Debug|Any CPU.ActiveCfg = Debug|Any CPU
		{57296093-19A2-476E-9A37-D1D396CC9797}.Debug|Any CPU.Build.0 = Debug|Any CPU
		{57296093-19A2-476E-9A37-D1D396CC9797}.Release|Any CPU.ActiveCfg = Release|Any CPU
		{57296093-19A2-476E-9A37-D1D396CC9797}.Release|Any CPU.Build.0 = Release|Any CPU
		{3F97FF09-A5C3-4899-84C5-F331786AF4E1}.Debug|Any CPU.ActiveCfg = Debug|Any CPU
		{3F97FF09-A5C3-4899-84C5-F331786AF4E1}.Debug|Any CPU.Build.0 = Debug|Any CPU
		{3F97FF09-A5C3-4899-84C5-F331786AF4E1}.Release|Any CPU.ActiveCfg = Release|Any CPU
		{3F97FF09-A5C3-4899-84C5-F331786AF4E1}.Release|Any CPU.Build.0 = Release|Any CPU
		{43A88FDB-053A-4DD8-8030-CFCB1270F099}.Debug|Any CPU.ActiveCfg = Debug|Any CPU
		{43A88FDB-053A-4DD8-8030-CFCB1270F099}.Debug|Any CPU.Build.0 = Debug|Any CPU
		{43A88FDB-053A-4DD8-8030-CFCB1270F099}.Release|Any CPU.ActiveCfg = Release|Any CPU
		{43A88FDB-053A-4DD8-8030-CFCB1270F099}.Release|Any CPU.Build.0 = Release|Any CPU
		{A65FC6E8-06A2-451D-B920-748435D2AF41}.Debug|Any CPU.ActiveCfg = Debug|Any CPU
		{A65FC6E8-06A2-451D-B920-748435D2AF41}.Debug|Any CPU.Build.0 = Debug|Any CPU
		{A65FC6E8-06A2-451D-B920-748435D2AF41}.Release|Any CPU.ActiveCfg = Release|Any CPU
		{A65FC6E8-06A2-451D-B920-748435D2AF41}.Release|Any CPU.Build.0 = Release|Any CPU
		{08C2C565-4E62-40F8-9E12-446089065E04}.Debug|Any CPU.ActiveCfg = Debug|Any CPU
		{08C2C565-4E62-40F8-9E12-446089065E04}.Debug|Any CPU.Build.0 = Debug|Any CPU
		{08C2C565-4E62-40F8-9E12-446089065E04}.Release|Any CPU.ActiveCfg = Release|Any CPU
		{08C2C565-4E62-40F8-9E12-446089065E04}.Release|Any CPU.Build.0 = Release|Any CPU
	EndGlobalSection
	GlobalSection(SolutionProperties) = preSolution
		HideSolutionNode = FALSE
	EndGlobalSection
	GlobalSection(NestedProjects) = preSolution
		{F51DC31C-9630-400D-9001-F3885CFA391E} = {CAEB88EC-EE94-449C-8FE9-3E4966350299}
		{AF27F72F-B17F-414A-93CF-FB25022ACA52} = {9F9E8902-8585-4649-BD8D-DD5607283CC4}
		{198E733D-D12C-4F23-8199-B34EFC757D63} = {CAEB88EC-EE94-449C-8FE9-3E4966350299}
		{EAF15E5E-9C77-416B-86E1-3B147DFC4366} = {9F9E8902-8585-4649-BD8D-DD5607283CC4}
		{0C51E6DF-E797-4B22-8171-57C998ACDFCE} = {9F9E8902-8585-4649-BD8D-DD5607283CC4}
		{D730D14D-3147-4C6F-B7B9-B02CBCAC6783} = {9F9E8902-8585-4649-BD8D-DD5607283CC4}
		{8A1925FE-BA7A-4CD7-A7BB-F47AD714EC3A} = {9F9E8902-8585-4649-BD8D-DD5607283CC4}
		{B1A24760-D29A-4ECF-8C12-885C4BFCB5DB} = {9F9E8902-8585-4649-BD8D-DD5607283CC4}
		{B336316C-3728-4FA3-8EEF-6C3176D0F1CC} = {9F498C88-CF62-4252-A5C4-19E5B4F3ED18}
		{09E83F18-0CB2-488C-AA8B-9C709765BC79} = {9F498C88-CF62-4252-A5C4-19E5B4F3ED18}
		{9F498C88-CF62-4252-A5C4-19E5B4F3ED18} = {BC264533-0409-4A2A-A6AD-9E399E10A813}
		{CAEB88EC-EE94-449C-8FE9-3E4966350299} = {9F9E8902-8585-4649-BD8D-DD5607283CC4}
		{66D84C51-2624-4454-9DE2-9EAA27C684C5} = {7A3658DB-44B6-4020-B3A4-290FE06ED031}
		{792AB81A-3B7B-4678-B4A5-1A9195DE3F70} = {CAEB88EC-EE94-449C-8FE9-3E4966350299}
		{AB830B70-A168-4A44-BE07-9CA1EDE66443} = {CAEB88EC-EE94-449C-8FE9-3E4966350299}
		{70F62657-A1FB-4D6C-BB49-8938E7C74F13} = {BC264533-0409-4A2A-A6AD-9E399E10A813}
		{647F83C7-02B2-408F-903D-72BEE86C2B3A} = {9F498C88-CF62-4252-A5C4-19E5B4F3ED18}
		{0280A12E-8115-4443-9683-9A5575BBF061} = {7A3658DB-44B6-4020-B3A4-290FE06ED031}
		{A0FB54E6-D9DA-4804-A44C-443135CBE4B5} = {7A3658DB-44B6-4020-B3A4-290FE06ED031}
		{409E142A-852B-4387-80F1-F5C6DF654F4A} = {7A3658DB-44B6-4020-B3A4-290FE06ED031}
		{C1C1F5EF-256A-4D93-8966-5B589F745E65} = {7A3658DB-44B6-4020-B3A4-290FE06ED031}
		{AF990C4B-0154-4A03-8E36-0DC33BF63F00} = {7A3658DB-44B6-4020-B3A4-290FE06ED031}
		{57296093-19A2-476E-9A37-D1D396CC9797} = {9F498C88-CF62-4252-A5C4-19E5B4F3ED18}
		{3F97FF09-A5C3-4899-84C5-F331786AF4E1} = {9F498C88-CF62-4252-A5C4-19E5B4F3ED18}
		{43A88FDB-053A-4DD8-8030-CFCB1270F099} = {BC264533-0409-4A2A-A6AD-9E399E10A813}
		{08C2C565-4E62-40F8-9E12-446089065E04} = {30923D11-3B56-4067-BB79-76AE96986A43}
	EndGlobalSection
	GlobalSection(ExtensibilityGlobals) = postSolution
		SolutionGuid = {AB7B9F1A-30F8-419D-8227-9832D925EB7C}
	EndGlobalSection
EndGlobal
